{
  "version": 4,
  "terraform_version": "0.12.24",
  "serial": 1168,
  "lineage": "d041f0fa-389f-094b-02a8-b9dc7a7422fb",
  "outputs": {
    "Private_Instance_IDs": {
      "value": "i-08b4836c58f854282, i-037b23a69402a20d6",
      "type": "string"
    },
    "Private_Instance_IPs": {
      "value": "54.193.71.83, 54.193.104.150",
      "type": "string"
    },
    "Private_Security_Group": {
      "value": "sg-0ecafc62ad9a39dfc",
      "type": "string"
    },
    "Private_Subnets": {
      "value": "subnet-0ec949f68de2e3bf3, subnet-09a05eff778084fcd",
      "type": "string"
    },
    "Subnet_IPs": {
      "value": "10.123.1.0/24, 10.123.2.0/24",
      "type": "string"
    }
  },
  "resources": [
    {
      "module": "module.compute",
      "mode": "data",
      "type": "aws_ami",
      "name": "server_ami",
      "provider": "provider.aws",
      "instances": [
        {
          "schema_version": 0,
          "attributes": {
            "architecture": "x86_64",
            "block_device_mappings": [
              {
                "device_name": "/dev/xvda",
                "ebs": {
                  "delete_on_termination": "true",
                  "encrypted": "false",
                  "iops": "0",
                  "snapshot_id": "snap-0674097978379fcca",
                  "volume_size": "8",
                  "volume_type": "gp2"
                },
                "no_device": "",
                "virtual_name": ""
              }
            ],
            "creation_date": "2020-04-07T05:39:30.000Z",
            "description": "Amazon Linux AMI 2018.03.0.20200318.2 x86_64 HVM gp2",
            "executable_users": null,
            "filter": [
              {
                "name": "name",
                "values": [
                  "amzn-ami-hvm*-x86_64-gp2"
                ]
              }
            ],
            "hypervisor": "xen",
            "id": "ami-0027eed75be6f3bf4",
            "image_id": "ami-0027eed75be6f3bf4",
            "image_location": "amazon/amzn-ami-hvm-2018.03.0.20200318.2-x86_64-gp2",
            "image_owner_alias": "amazon",
            "image_type": "machine",
            "kernel_id": null,
            "most_recent": true,
            "name": "amzn-ami-hvm-2018.03.0.20200318.2-x86_64-gp2",
            "name_regex": null,
            "owner_id": "137112412989",
            "owners": [
              "amazon"
            ],
            "platform": null,
            "product_codes": [],
            "public": true,
            "ramdisk_id": null,
            "root_device_name": "/dev/xvda",
            "root_device_type": "ebs",
            "root_snapshot_id": "snap-0674097978379fcca",
            "sriov_net_support": "simple",
            "state": "available",
            "state_reason": {
              "code": "UNSET",
              "message": "UNSET"
            },
            "tags": {},
            "virtualization_type": "hvm"
          }
        }
      ]
    },
    {
      "module": "module.networking",
      "mode": "data",
      "type": "aws_availability_zones",
      "name": "available",
      "provider": "provider.aws",
      "instances": [
        {
          "schema_version": 0,
          "attributes": {
            "all_availability_zones": null,
            "blacklisted_names": null,
            "blacklisted_zone_ids": null,
            "filter": null,
            "group_names": [
              "us-west-1"
            ],
            "id": "2020-04-18 03:09:28.4968211 +0000 UTC",
            "names": [
              "us-west-1b",
              "us-west-1c"
            ],
            "state": null,
            "zone_ids": [
              "usw1-az3",
              "usw1-az1"
            ]
          }
        }
      ]
    },
    {
      "module": "module.compute",
      "mode": "data",
      "type": "template_file",
      "name": "user-init",
      "each": "list",
      "provider": "provider.template",
      "instances": [
        {
          "index_key": 0,
          "schema_version": 0,
          "attributes": {
            "filename": null,
            "id": "e8e35bcffd6d2fe64fac7ba83fb8bb137e48f4ef10c7a665058f83e3fa63bac1",
            "rendered": "#!/bin/bash\r\nyum install httpd -y\r\necho \"Subnet for Firewall: 10.123.1.0/24\" \u003e\u003e /var/www/html/index.html\r\nservice httpd start\r\nchkconfig httpd on\r\npip install celery\r\npip install redis\r\necho \"from celery import Celery\" \u003e\u003e /home/ec2-user/tasks.py\r\necho \"\" \u003e\u003e /home/ec2-user/tasks.py\r\necho \"app = Celery('tasks', broker='redis://tf-redis.iewiqq.0001.usw1.cache.amazonaws.com:6379//')\" \u003e\u003e /home/ec2-user/tasks.py\r\necho \"\" \u003e\u003e /home/ec2-user/tasks.py\r\necho \"@app.task\" \u003e\u003e /home/ec2-user/tasks.py \r\necho \"def add(x, y):\" \u003e\u003e /home/ec2-user/tasks.py \r\necho \"    return x + y\" \u003e\u003e /home/ec2-user/tasks.py\r\nchown ec2-user:ec2-user /home/ec2-user/tasks.py\r\nsu - ec2-user -c \"cd /home/ec2-user \u0026\u0026 celery -A tasks worker --loglevel=info --detach\"\r\n",
            "template": "#!/bin/bash\r\nyum install httpd -y\r\necho \"Subnet for Firewall: ${firewall_subnets}\" \u003e\u003e /var/www/html/index.html\r\nservice httpd start\r\nchkconfig httpd on\r\npip install celery\r\npip install redis\r\necho \"from celery import Celery\" \u003e\u003e /home/ec2-user/tasks.py\r\necho \"\" \u003e\u003e /home/ec2-user/tasks.py\r\necho \"app = Celery('tasks', broker='redis://${redis_address}:6379//')\" \u003e\u003e /home/ec2-user/tasks.py\r\necho \"\" \u003e\u003e /home/ec2-user/tasks.py\r\necho \"@app.task\" \u003e\u003e /home/ec2-user/tasks.py \r\necho \"def add(x, y):\" \u003e\u003e /home/ec2-user/tasks.py \r\necho \"    return x + y\" \u003e\u003e /home/ec2-user/tasks.py\r\nchown ec2-user:ec2-user /home/ec2-user/tasks.py\r\nsu - ec2-user -c \"cd /home/ec2-user \u0026\u0026 celery -A tasks worker --loglevel=info --detach\"\r\n",
            "vars": {
              "firewall_subnets": "10.123.1.0/24",
              "redis_address": "tf-redis.iewiqq.0001.usw1.cache.amazonaws.com"
            }
          }
        },
        {
          "index_key": 1,
          "schema_version": 0,
          "attributes": {
            "filename": null,
            "id": "6d56fa297c0681b14090845b5b668cdd21eca1866b47d39038276fb9a3ed6a67",
            "rendered": "#!/bin/bash\r\nyum install httpd -y\r\necho \"Subnet for Firewall: 10.123.2.0/24\" \u003e\u003e /var/www/html/index.html\r\nservice httpd start\r\nchkconfig httpd on\r\npip install celery\r\npip install redis\r\necho \"from celery import Celery\" \u003e\u003e /home/ec2-user/tasks.py\r\necho \"\" \u003e\u003e /home/ec2-user/tasks.py\r\necho \"app = Celery('tasks', broker='redis://tf-redis.iewiqq.0001.usw1.cache.amazonaws.com:6379//')\" \u003e\u003e /home/ec2-user/tasks.py\r\necho \"\" \u003e\u003e /home/ec2-user/tasks.py\r\necho \"@app.task\" \u003e\u003e /home/ec2-user/tasks.py \r\necho \"def add(x, y):\" \u003e\u003e /home/ec2-user/tasks.py \r\necho \"    return x + y\" \u003e\u003e /home/ec2-user/tasks.py\r\nchown ec2-user:ec2-user /home/ec2-user/tasks.py\r\nsu - ec2-user -c \"cd /home/ec2-user \u0026\u0026 celery -A tasks worker --loglevel=info --detach\"\r\n",
            "template": "#!/bin/bash\r\nyum install httpd -y\r\necho \"Subnet for Firewall: ${firewall_subnets}\" \u003e\u003e /var/www/html/index.html\r\nservice httpd start\r\nchkconfig httpd on\r\npip install celery\r\npip install redis\r\necho \"from celery import Celery\" \u003e\u003e /home/ec2-user/tasks.py\r\necho \"\" \u003e\u003e /home/ec2-user/tasks.py\r\necho \"app = Celery('tasks', broker='redis://${redis_address}:6379//')\" \u003e\u003e /home/ec2-user/tasks.py\r\necho \"\" \u003e\u003e /home/ec2-user/tasks.py\r\necho \"@app.task\" \u003e\u003e /home/ec2-user/tasks.py \r\necho \"def add(x, y):\" \u003e\u003e /home/ec2-user/tasks.py \r\necho \"    return x + y\" \u003e\u003e /home/ec2-user/tasks.py\r\nchown ec2-user:ec2-user /home/ec2-user/tasks.py\r\nsu - ec2-user -c \"cd /home/ec2-user \u0026\u0026 celery -A tasks worker --loglevel=info --detach\"\r\n",
            "vars": {
              "firewall_subnets": "10.123.2.0/24",
              "redis_address": "tf-redis.iewiqq.0001.usw1.cache.amazonaws.com"
            }
          }
        }
      ]
    },
    {
      "module": "module.compute",
      "mode": "managed",
      "type": "aws_cloudwatch_metric_alarm",
      "name": "alarms",
      "each": "list",
      "provider": "provider.aws",
      "instances": [
        {
          "index_key": 0,
          "schema_version": 1,
          "attributes": {
            "actions_enabled": true,
            "alarm_actions": [],
            "alarm_description": "This metric monitors ec2 cpu utilization",
            "alarm_name": "tf-cpu-1",
            "arn": "arn:aws:cloudwatch:us-west-1:631952423493:alarm:tf-cpu-1",
            "comparison_operator": "GreaterThanOrEqualToThreshold",
            "datapoints_to_alarm": 0,
            "dimensions": {
              "InstanceId": "i-08b4836c58f854282"
            },
            "evaluate_low_sample_count_percentiles": "",
            "evaluation_periods": 2,
            "extended_statistic": "",
            "id": "tf-cpu-1",
            "insufficient_data_actions": [],
            "metric_name": "CPUUtilization",
            "metric_query": [],
            "namespace": "AWS/EC2",
            "ok_actions": [],
            "period": 120,
            "statistic": "Average",
            "tags": {},
            "threshold": 80,
            "threshold_metric_id": "",
            "treat_missing_data": "missing",
            "unit": ""
          },
          "private": "eyJzY2hlbWFfdmVyc2lvbiI6IjEifQ==",
          "dependencies": [
            "module.compute.aws_elasticache_cluster.tf_redis",
            "module.compute.aws_instance.tf_server",
            "module.compute.aws_key_pair.tf_auth",
            "module.networking.aws_elasticache_subnet_group.tf_redis_subnet",
            "module.networking.aws_security_group.tf_public_sg",
            "module.networking.aws_subnet.tf_public_subnet",
            "module.networking.aws_vpc.tf_vpc"
          ]
        },
        {
          "index_key": 1,
          "schema_version": 1,
          "attributes": {
            "actions_enabled": true,
            "alarm_actions": [],
            "alarm_description": "This metric monitors ec2 cpu utilization",
            "alarm_name": "tf-cpu-2",
            "arn": "arn:aws:cloudwatch:us-west-1:631952423493:alarm:tf-cpu-2",
            "comparison_operator": "GreaterThanOrEqualToThreshold",
            "datapoints_to_alarm": 0,
            "dimensions": {
              "InstanceId": "i-037b23a69402a20d6"
            },
            "evaluate_low_sample_count_percentiles": "",
            "evaluation_periods": 2,
            "extended_statistic": "",
            "id": "tf-cpu-2",
            "insufficient_data_actions": [],
            "metric_name": "CPUUtilization",
            "metric_query": [],
            "namespace": "AWS/EC2",
            "ok_actions": [],
            "period": 120,
            "statistic": "Average",
            "tags": {},
            "threshold": 80,
            "threshold_metric_id": "",
            "treat_missing_data": "missing",
            "unit": ""
          },
          "private": "eyJzY2hlbWFfdmVyc2lvbiI6IjEifQ==",
          "dependencies": [
            "module.compute.aws_elasticache_cluster.tf_redis",
            "module.compute.aws_instance.tf_server",
            "module.compute.aws_key_pair.tf_auth",
            "module.networking.aws_elasticache_subnet_group.tf_redis_subnet",
            "module.networking.aws_security_group.tf_public_sg",
            "module.networking.aws_subnet.tf_public_subnet",
            "module.networking.aws_vpc.tf_vpc"
          ]
        }
      ]
    },
    {
      "module": "module.storage",
      "mode": "managed",
      "type": "aws_db_instance",
      "name": "tf_rds_main",
      "provider": "provider.aws",
      "instances": [
        {
          "schema_version": 1,
          "attributes": {
            "address": "terraform-20200418025426164700000001.czdktelbpy13.us-west-1.rds.amazonaws.com",
            "allocated_storage": 20,
            "allow_major_version_upgrade": null,
            "apply_immediately": null,
            "arn": "arn:aws:rds:us-west-1:631952423493:db:terraform-20200418025426164700000001",
            "auto_minor_version_upgrade": true,
            "availability_zone": "us-west-1b",
            "backup_retention_period": 0,
            "backup_window": "09:02-09:32",
            "ca_cert_identifier": "rds-ca-2019",
            "character_set_name": null,
            "copy_tags_to_snapshot": false,
            "db_subnet_group_name": "tf_subnet_group",
            "delete_automated_backups": true,
            "deletion_protection": false,
            "domain": "",
            "domain_iam_role_name": "",
            "enabled_cloudwatch_logs_exports": [],
            "endpoint": "terraform-20200418025426164700000001.czdktelbpy13.us-west-1.rds.amazonaws.com:3306",
            "engine": "mysql",
            "engine_version": "5.7.26",
            "final_snapshot_identifier": null,
            "hosted_zone_id": "Z10WI91S59XXQN",
            "iam_database_authentication_enabled": false,
            "id": "terraform-20200418025426164700000001",
            "identifier": "terraform-20200418025426164700000001",
            "identifier_prefix": null,
            "instance_class": "db.t2.micro",
            "iops": 0,
            "kms_key_id": "",
            "license_model": "general-public-license",
            "maintenance_window": "sun:13:14-sun:13:44",
            "max_allocated_storage": 0,
            "monitoring_interval": 0,
            "monitoring_role_arn": "",
            "multi_az": false,
            "name": "mydb",
            "option_group_name": "default:mysql-5-7",
            "parameter_group_name": "default.mysql5.7",
            "password": "foobarbaz",
            "performance_insights_enabled": false,
            "performance_insights_kms_key_id": "",
            "performance_insights_retention_period": 0,
            "port": 3306,
            "publicly_accessible": false,
            "replicas": [],
            "replicate_source_db": "",
            "resource_id": "db-QDBLNWFGS3IIH65PCVOWETATOE",
            "s3_import": [],
            "security_group_names": [],
            "skip_final_snapshot": true,
            "snapshot_identifier": null,
            "status": "available",
            "storage_encrypted": false,
            "storage_type": "gp2",
            "tags": {},
            "timeouts": null,
            "timezone": "",
            "username": "foo",
            "vpc_security_group_ids": [
              "sg-02eb0ba270a93bba4"
            ]
          },
          "private": "eyJlMmJmYjczMC1lY2FhLTExZTYtOGY4OC0zNDM2M2JjN2M0YzAiOnsiY3JlYXRlIjoyNDAwMDAwMDAwMDAwLCJkZWxldGUiOjI0MDAwMDAwMDAwMDAsInVwZGF0ZSI6NDgwMDAwMDAwMDAwMH0sInNjaGVtYV92ZXJzaW9uIjoiMSJ9",
          "dependencies": [
            "module.networking.aws_subnet.tf_private_subnet",
            "module.networking.aws_vpc.tf_private_vpc",
            "module.storage.aws_db_subnet_group.tf_subnet"
          ]
        }
      ]
    },
    {
      "module": "module.storage",
      "mode": "managed",
      "type": "aws_db_subnet_group",
      "name": "tf_subnet",
      "provider": "provider.aws",
      "instances": [
        {
          "schema_version": 0,
          "attributes": {
            "arn": "arn:aws:rds:us-west-1:631952423493:subgrp:tf_subnet_group",
            "description": "Used for deploy the private RDS",
            "id": "tf_subnet_group",
            "name": "tf_subnet_group",
            "name_prefix": null,
            "subnet_ids": [
              "subnet-09a05eff778084fcd",
              "subnet-0ec949f68de2e3bf3"
            ],
            "tags": {}
          },
          "private": "bnVsbA==",
          "dependencies": [
            "module.networking.aws_subnet.tf_private_subnet",
            "module.networking.aws_vpc.tf_private_vpc"
          ]
        }
      ]
    },
    {
      "module": "module.compute",
      "mode": "managed",
      "type": "aws_elasticache_cluster",
      "name": "tf_redis",
      "provider": "provider.aws",
      "instances": [
        {
          "schema_version": 0,
          "attributes": {
            "apply_immediately": null,
            "arn": "arn:aws:elasticache:us-west-1:631952423493:cluster:tf-redis",
            "availability_zone": "us-west-1c",
            "availability_zones": null,
            "az_mode": "single-az",
            "cache_nodes": [
              {
                "address": "tf-redis.iewiqq.0001.usw1.cache.amazonaws.com",
                "availability_zone": "us-west-1c",
                "id": "0001",
                "port": 6379
              }
            ],
            "cluster_address": null,
            "cluster_id": "tf-redis",
            "configuration_endpoint": null,
            "engine": "redis",
            "engine_version": "5.0.6",
            "id": "tf-redis",
            "maintenance_window": "sat:06:30-sat:07:30",
            "node_type": "cache.r5.large",
            "notification_topic_arn": null,
            "num_cache_nodes": 1,
            "parameter_group_name": "default.redis5.0",
            "port": 6379,
            "preferred_availability_zones": null,
            "replication_group_id": null,
            "security_group_ids": [
              "sg-030aa2d2f0f2078e8"
            ],
            "security_group_names": [],
            "snapshot_arns": null,
            "snapshot_name": null,
            "snapshot_retention_limit": 0,
            "snapshot_window": "10:00-11:00",
            "subnet_group_name": "tf-redis-subnet",
            "tags": {}
          },
          "private": "bnVsbA==",
          "dependencies": [
            "module.networking.aws_elasticache_subnet_group.tf_redis_subnet",
            "module.networking.aws_security_group.tf_public_sg",
            "module.networking.aws_subnet.tf_public_subnet",
            "module.networking.aws_vpc.tf_vpc"
          ]
        }
      ]
    },
    {
      "module": "module.networking",
      "mode": "managed",
      "type": "aws_elasticache_subnet_group",
      "name": "tf_redis_subnet",
      "provider": "provider.aws",
      "instances": [
        {
          "schema_version": 0,
          "attributes": {
            "description": "Managed by Terraform",
            "id": "tf-redis-subnet",
            "name": "tf-redis-subnet",
            "subnet_ids": [
              "subnet-03c7b93f621459bd3",
              "subnet-05da1b8c5ece58e48"
            ]
          },
          "private": "bnVsbA==",
          "dependencies": [
            "module.networking.aws_subnet.tf_public_subnet",
            "module.networking.aws_vpc.tf_vpc"
          ]
        }
      ]
    },
    {
      "module": "module.compute",
      "mode": "managed",
      "type": "aws_instance",
      "name": "tf_private_server",
      "each": "list",
      "provider": "provider.aws",
      "instances": [
        {
          "index_key": 0,
          "schema_version": 1,
          "attributes": {
            "ami": "ami-0027eed75be6f3bf4",
            "arn": "arn:aws:ec2:us-west-1:631952423493:instance/i-05bcbc30b5e330806",
            "associate_public_ip_address": false,
            "availability_zone": "us-west-1b",
            "cpu_core_count": 1,
            "cpu_threads_per_core": 1,
            "credit_specification": [
              {
                "cpu_credits": "standard"
              }
            ],
            "disable_api_termination": false,
            "ebs_block_device": [],
            "ebs_optimized": false,
            "ephemeral_block_device": [],
            "get_password_data": false,
            "hibernation": false,
            "host_id": null,
            "iam_instance_profile": "",
            "id": "i-05bcbc30b5e330806",
            "instance_initiated_shutdown_behavior": null,
            "instance_state": "running",
            "instance_type": "t2.micro",
            "ipv6_address_count": 0,
            "ipv6_addresses": [],
            "key_name": "tf_key",
            "metadata_options": [
              {
                "http_endpoint": "enabled",
                "http_put_response_hop_limit": 1,
                "http_tokens": "optional"
              }
            ],
            "monitoring": false,
            "network_interface": [],
            "network_interface_id": null,
            "password_data": "",
            "placement_group": "",
            "primary_network_interface_id": "eni-002b15a5107d26fa2",
            "private_dns": "ip-10-124-1-154.us-west-1.compute.internal",
            "private_ip": "10.124.1.154",
            "public_dns": "",
            "public_ip": "",
            "root_block_device": [
              {
                "delete_on_termination": true,
                "encrypted": false,
                "iops": 100,
                "kms_key_id": "",
                "volume_id": "vol-023ba5b5f3383890b",
                "volume_size": 8,
                "volume_type": "gp2"
              }
            ],
            "security_groups": [],
            "source_dest_check": true,
            "subnet_id": "subnet-0ec949f68de2e3bf3",
            "tags": {
              "Name": "tf_priv_server-1"
            },
            "tenancy": "default",
            "timeouts": null,
            "user_data": null,
            "user_data_base64": null,
            "volume_tags": {},
            "vpc_security_group_ids": [
              "sg-0ecafc62ad9a39dfc"
            ]
          },
          "private": "eyJlMmJmYjczMC1lY2FhLTExZTYtOGY4OC0zNDM2M2JjN2M0YzAiOnsiY3JlYXRlIjo2MDAwMDAwMDAwMDAsImRlbGV0ZSI6MTIwMDAwMDAwMDAwMCwidXBkYXRlIjo2MDAwMDAwMDAwMDB9LCJzY2hlbWFfdmVyc2lvbiI6IjEifQ==",
          "dependencies": [
            "module.compute.aws_key_pair.tf_auth",
            "module.networking.aws_security_group.tf_private_sg",
            "module.networking.aws_subnet.tf_private_subnet"
          ]
        },
        {
          "index_key": 1,
          "schema_version": 1,
          "attributes": {
            "ami": "ami-0027eed75be6f3bf4",
            "arn": "arn:aws:ec2:us-west-1:631952423493:instance/i-050122d5f776fc1bd",
            "associate_public_ip_address": false,
            "availability_zone": "us-west-1c",
            "cpu_core_count": 1,
            "cpu_threads_per_core": 1,
            "credit_specification": [
              {
                "cpu_credits": "standard"
              }
            ],
            "disable_api_termination": false,
            "ebs_block_device": [],
            "ebs_optimized": false,
            "ephemeral_block_device": [],
            "get_password_data": false,
            "hibernation": false,
            "host_id": null,
            "iam_instance_profile": "",
            "id": "i-050122d5f776fc1bd",
            "instance_initiated_shutdown_behavior": null,
            "instance_state": "running",
            "instance_type": "t2.micro",
            "ipv6_address_count": 0,
            "ipv6_addresses": [],
            "key_name": "tf_key",
            "metadata_options": [
              {
                "http_endpoint": "enabled",
                "http_put_response_hop_limit": 1,
                "http_tokens": "optional"
              }
            ],
            "monitoring": false,
            "network_interface": [],
            "network_interface_id": null,
            "password_data": "",
            "placement_group": "",
            "primary_network_interface_id": "eni-0d0dda5751d5f4d5a",
            "private_dns": "ip-10-124-2-104.us-west-1.compute.internal",
            "private_ip": "10.124.2.104",
            "public_dns": "",
            "public_ip": "",
            "root_block_device": [
              {
                "delete_on_termination": true,
                "encrypted": false,
                "iops": 100,
                "kms_key_id": "",
                "volume_id": "vol-0919369a074a739ff",
                "volume_size": 8,
                "volume_type": "gp2"
              }
            ],
            "security_groups": [],
            "source_dest_check": true,
            "subnet_id": "subnet-09a05eff778084fcd",
            "tags": {
              "Name": "tf_priv_server-2"
            },
            "tenancy": "default",
            "timeouts": null,
            "user_data": null,
            "user_data_base64": null,
            "volume_tags": {},
            "vpc_security_group_ids": [
              "sg-0ecafc62ad9a39dfc"
            ]
          },
          "private": "eyJlMmJmYjczMC1lY2FhLTExZTYtOGY4OC0zNDM2M2JjN2M0YzAiOnsiY3JlYXRlIjo2MDAwMDAwMDAwMDAsImRlbGV0ZSI6MTIwMDAwMDAwMDAwMCwidXBkYXRlIjo2MDAwMDAwMDAwMDB9LCJzY2hlbWFfdmVyc2lvbiI6IjEifQ==",
          "dependencies": [
            "module.compute.aws_key_pair.tf_auth",
            "module.networking.aws_security_group.tf_private_sg",
            "module.networking.aws_subnet.tf_private_subnet"
          ]
        }
      ]
    },
    {
      "module": "module.compute",
      "mode": "managed",
      "type": "aws_instance",
      "name": "tf_server",
      "each": "list",
      "provider": "provider.aws",
      "instances": [
        {
          "index_key": 0,
          "schema_version": 1,
          "attributes": {
            "ami": "ami-0027eed75be6f3bf4",
            "arn": "arn:aws:ec2:us-west-1:631952423493:instance/i-08b4836c58f854282",
            "associate_public_ip_address": true,
            "availability_zone": "us-west-1b",
            "cpu_core_count": 1,
            "cpu_threads_per_core": 1,
            "credit_specification": [
              {
                "cpu_credits": "standard"
              }
            ],
            "disable_api_termination": false,
            "ebs_block_device": [],
            "ebs_optimized": false,
            "ephemeral_block_device": [],
            "get_password_data": false,
            "hibernation": false,
            "host_id": null,
            "iam_instance_profile": "",
            "id": "i-08b4836c58f854282",
            "instance_initiated_shutdown_behavior": null,
            "instance_state": "running",
            "instance_type": "t2.micro",
            "ipv6_address_count": 0,
            "ipv6_addresses": [],
            "key_name": "tf_key",
            "metadata_options": [
              {
                "http_endpoint": "enabled",
                "http_put_response_hop_limit": 1,
                "http_tokens": "optional"
              }
            ],
            "monitoring": false,
            "network_interface": [],
            "network_interface_id": null,
            "password_data": "",
            "placement_group": "",
            "primary_network_interface_id": "eni-05141f2b7f265eefe",
            "private_dns": "ip-10-123-1-23.us-west-1.compute.internal",
            "private_ip": "10.123.1.23",
            "public_dns": "ec2-54-193-71-83.us-west-1.compute.amazonaws.com",
            "public_ip": "54.193.71.83",
            "root_block_device": [
              {
                "delete_on_termination": true,
                "encrypted": false,
                "iops": 100,
                "kms_key_id": "",
                "volume_id": "vol-02a0324830d29d209",
                "volume_size": 8,
                "volume_type": "gp2"
              }
            ],
            "security_groups": [],
            "source_dest_check": true,
            "subnet_id": "subnet-03c7b93f621459bd3",
            "tags": {
              "Name": "tf_server-1"
            },
            "tenancy": "default",
            "timeouts": null,
            "user_data": "232bca421a6f30f2ceaf0a1ee442da0e9600d8f2",
            "user_data_base64": null,
            "volume_tags": {},
            "vpc_security_group_ids": [
              "sg-030aa2d2f0f2078e8"
            ]
          },
          "private": "eyJlMmJmYjczMC1lY2FhLTExZTYtOGY4OC0zNDM2M2JjN2M0YzAiOnsiY3JlYXRlIjo2MDAwMDAwMDAwMDAsImRlbGV0ZSI6MTIwMDAwMDAwMDAwMCwidXBkYXRlIjo2MDAwMDAwMDAwMDB9LCJzY2hlbWFfdmVyc2lvbiI6IjEifQ==",
          "dependencies": [
            "module.compute.aws_elasticache_cluster.tf_redis",
            "module.compute.aws_key_pair.tf_auth",
            "module.networking.aws_elasticache_subnet_group.tf_redis_subnet",
            "module.networking.aws_security_group.tf_public_sg",
            "module.networking.aws_subnet.tf_public_subnet",
            "module.networking.aws_vpc.tf_vpc"
          ]
        },
        {
          "index_key": 1,
          "schema_version": 1,
          "attributes": {
            "ami": "ami-0027eed75be6f3bf4",
            "arn": "arn:aws:ec2:us-west-1:631952423493:instance/i-037b23a69402a20d6",
            "associate_public_ip_address": true,
            "availability_zone": "us-west-1c",
            "cpu_core_count": 1,
            "cpu_threads_per_core": 1,
            "credit_specification": [
              {
                "cpu_credits": "standard"
              }
            ],
            "disable_api_termination": false,
            "ebs_block_device": [],
            "ebs_optimized": false,
            "ephemeral_block_device": [],
            "get_password_data": false,
            "hibernation": false,
            "host_id": null,
            "iam_instance_profile": "",
            "id": "i-037b23a69402a20d6",
            "instance_initiated_shutdown_behavior": null,
            "instance_state": "running",
            "instance_type": "t2.micro",
            "ipv6_address_count": 0,
            "ipv6_addresses": [],
            "key_name": "tf_key",
            "metadata_options": [
              {
                "http_endpoint": "enabled",
                "http_put_response_hop_limit": 1,
                "http_tokens": "optional"
              }
            ],
            "monitoring": false,
            "network_interface": [],
            "network_interface_id": null,
            "password_data": "",
            "placement_group": "",
            "primary_network_interface_id": "eni-00ecaf5e3b40aca61",
            "private_dns": "ip-10-123-2-252.us-west-1.compute.internal",
            "private_ip": "10.123.2.252",
            "public_dns": "ec2-54-193-104-150.us-west-1.compute.amazonaws.com",
            "public_ip": "54.193.104.150",
            "root_block_device": [
              {
                "delete_on_termination": true,
                "encrypted": false,
                "iops": 100,
                "kms_key_id": "",
                "volume_id": "vol-087a9cd34f305767d",
                "volume_size": 8,
                "volume_type": "gp2"
              }
            ],
            "security_groups": [],
            "source_dest_check": true,
            "subnet_id": "subnet-05da1b8c5ece58e48",
            "tags": {
              "Name": "tf_server-2"
            },
            "tenancy": "default",
            "timeouts": null,
            "user_data": "6a2196198368460ad51f1ba2ad57c0a14ca6e82c",
            "user_data_base64": null,
            "volume_tags": {},
            "vpc_security_group_ids": [
              "sg-030aa2d2f0f2078e8"
            ]
          },
          "private": "eyJlMmJmYjczMC1lY2FhLTExZTYtOGY4OC0zNDM2M2JjN2M0YzAiOnsiY3JlYXRlIjo2MDAwMDAwMDAwMDAsImRlbGV0ZSI6MTIwMDAwMDAwMDAwMCwidXBkYXRlIjo2MDAwMDAwMDAwMDB9LCJzY2hlbWFfdmVyc2lvbiI6IjEifQ==",
          "dependencies": [
            "module.compute.aws_elasticache_cluster.tf_redis",
            "module.compute.aws_key_pair.tf_auth",
            "module.networking.aws_elasticache_subnet_group.tf_redis_subnet",
            "module.networking.aws_security_group.tf_public_sg",
            "module.networking.aws_subnet.tf_public_subnet",
            "module.networking.aws_vpc.tf_vpc"
          ]
        }
      ]
    },
    {
      "module": "module.networking",
      "mode": "managed",
      "type": "aws_internet_gateway",
      "name": "tf_internet_gateway",
      "provider": "provider.aws",
      "instances": [
        {
          "schema_version": 0,
          "attributes": {
            "id": "igw-0cc21b336249666a0",
            "owner_id": "631952423493",
            "tags": {
              "Name": "tf_igw"
            },
            "vpc_id": "vpc-001915277b7dedd04"
          },
          "private": "bnVsbA==",
          "dependencies": [
            "module.networking.aws_vpc.tf_vpc"
          ]
        }
      ]
    },
    {
      "module": "module.compute",
      "mode": "managed",
      "type": "aws_key_pair",
      "name": "tf_auth",
      "provider": "provider.aws",
      "instances": [
        {
          "schema_version": 1,
          "attributes": {
            "fingerprint": "42:2f:b8:50:0b:49:9a:cc:b2:7b:e6:ae:fd:fe:2e:24",
            "id": "tf_key",
            "key_name": "tf_key",
            "key_name_prefix": null,
            "key_pair_id": "key-08b2172d440e39f47",
            "public_key": "ssh-rsa AAAAB3NzaC1yc2EAAAADAQABAAABAQDn5+9LyoRnh+Qbgvj7CGjwvxfPd1TxJKk1gGAE1xyNJ9CegndfkuO97g94Gx1hun8tUHUrGaI8AMiFtwWJrIaG3ugevfetneL58vIHFbRgPGzXZFGu0Y31pOs/ZkP/L3pGpqhtL9rZq66auknLNW6FLWSSbMjQYwHWYOfGFMbZsy8wfcbsvtz7dZzoVVhCzdbL+aY0E02oFp1jKmfdNgnb8AQSW1f1kMcTNGbzncEltmxn2dz6xgBzyUrXLY2Jwxiwu9HB4d0ewKtkGj+nq+cbyH/k7cHPdr1c5Naa86dqB6hqXlm7RdKwB6slEF3USNVmQmYQxjNs5Wv7BXfW3sen josue@VAIO",
            "tags": {}
          },
          "private": "eyJzY2hlbWFfdmVyc2lvbiI6IjEifQ=="
        }
      ]
    },
    {
      "module": "module.compute",
      "mode": "managed",
      "type": "aws_lb",
      "name": "tf_load_balancer",
      "provider": "provider.aws",
      "instances": [
        {
          "schema_version": 0,
          "attributes": {
            "access_logs": [
              {
                "bucket": "",
                "enabled": false,
                "prefix": ""
              }
            ],
            "arn": "arn:aws:elasticloadbalancing:us-west-1:631952423493:loadbalancer/app/main-lb-tf/a0640ac1e8acf205",
            "arn_suffix": "app/main-lb-tf/a0640ac1e8acf205",
            "dns_name": "main-lb-tf-1725243750.us-west-1.elb.amazonaws.com",
            "drop_invalid_header_fields": false,
            "enable_cross_zone_load_balancing": null,
            "enable_deletion_protection": false,
            "enable_http2": true,
            "id": "arn:aws:elasticloadbalancing:us-west-1:631952423493:loadbalancer/app/main-lb-tf/a0640ac1e8acf205",
            "idle_timeout": 60,
            "internal": false,
            "ip_address_type": "ipv4",
            "load_balancer_type": "application",
            "name": "main-lb-tf",
            "name_prefix": null,
            "security_groups": [
              "sg-030aa2d2f0f2078e8"
            ],
            "subnet_mapping": [
              {
                "allocation_id": "",
                "subnet_id": "subnet-03c7b93f621459bd3"
              },
              {
                "allocation_id": "",
                "subnet_id": "subnet-05da1b8c5ece58e48"
              }
            ],
            "subnets": [
              "subnet-03c7b93f621459bd3",
              "subnet-05da1b8c5ece58e48"
            ],
            "tags": {
              "Environment": "production"
            },
            "timeouts": null,
            "vpc_id": "vpc-001915277b7dedd04",
            "zone_id": "Z368ELLRRE2KJ0"
          },
          "private": "eyJlMmJmYjczMC1lY2FhLTExZTYtOGY4OC0zNDM2M2JjN2M0YzAiOnsiY3JlYXRlIjo2MDAwMDAwMDAwMDAsImRlbGV0ZSI6NjAwMDAwMDAwMDAwLCJ1cGRhdGUiOjYwMDAwMDAwMDAwMH19",
          "dependencies": [
            "module.networking.aws_security_group.tf_public_sg",
            "module.networking.aws_subnet.tf_public_subnet",
            "module.networking.aws_vpc.tf_vpc"
          ]
        }
      ]
    },
    {
      "module": "module.compute",
      "mode": "managed",
      "type": "aws_lb_listener",
      "name": "front_end",
      "provider": "provider.aws",
      "instances": [
        {
          "schema_version": 0,
          "attributes": {
            "arn": "arn:aws:elasticloadbalancing:us-west-1:631952423493:listener/app/main-lb-tf/a0640ac1e8acf205/724b51914a3411c7",
            "certificate_arn": null,
            "default_action": [
              {
                "authenticate_cognito": [],
                "authenticate_oidc": [],
                "fixed_response": [],
                "order": 1,
                "redirect": [],
                "target_group_arn": "arn:aws:elasticloadbalancing:us-west-1:631952423493:targetgroup/tf-lb-tg/c36a1daad11092aa",
                "type": "forward"
              }
            ],
            "id": "arn:aws:elasticloadbalancing:us-west-1:631952423493:listener/app/main-lb-tf/a0640ac1e8acf205/724b51914a3411c7",
            "load_balancer_arn": "arn:aws:elasticloadbalancing:us-west-1:631952423493:loadbalancer/app/main-lb-tf/a0640ac1e8acf205",
            "port": 80,
            "protocol": "HTTP",
            "ssl_policy": "",
            "timeouts": null
          },
          "private": "eyJlMmJmYjczMC1lY2FhLTExZTYtOGY4OC0zNDM2M2JjN2M0YzAiOnsicmVhZCI6NjAwMDAwMDAwMDAwfX0=",
          "dependencies": [
            "module.compute.aws_lb.tf_load_balancer",
            "module.compute.aws_lb_target_group.tf_target_group",
            "module.networking.aws_security_group.tf_public_sg",
            "module.networking.aws_subnet.tf_public_subnet",
            "module.networking.aws_vpc.tf_vpc"
          ]
        }
      ]
    },
    {
      "module": "module.compute",
      "mode": "managed",
      "type": "aws_lb_target_group",
      "name": "tf_target_group",
      "provider": "provider.aws",
      "instances": [
        {
          "schema_version": 0,
          "attributes": {
            "arn": "arn:aws:elasticloadbalancing:us-west-1:631952423493:targetgroup/tf-lb-tg/c36a1daad11092aa",
            "arn_suffix": "targetgroup/tf-lb-tg/c36a1daad11092aa",
            "deregistration_delay": 300,
            "health_check": [
              {
                "enabled": true,
                "healthy_threshold": 5,
                "interval": 30,
                "matcher": "200",
                "path": "/",
                "port": "traffic-port",
                "protocol": "HTTP",
                "timeout": 5,
                "unhealthy_threshold": 2
              }
            ],
            "id": "arn:aws:elasticloadbalancing:us-west-1:631952423493:targetgroup/tf-lb-tg/c36a1daad11092aa",
            "lambda_multi_value_headers_enabled": false,
            "load_balancing_algorithm_type": "round_robin",
            "name": "tf-lb-tg",
            "name_prefix": null,
            "port": 80,
            "protocol": "HTTP",
            "proxy_protocol_v2": false,
            "slow_start": 0,
            "stickiness": [
              {
                "cookie_duration": 86400,
                "enabled": false,
                "type": "lb_cookie"
              }
            ],
            "tags": {},
            "target_type": "instance",
            "vpc_id": "vpc-001915277b7dedd04"
          },
          "private": "bnVsbA==",
          "dependencies": [
            "module.networking.aws_vpc.tf_vpc"
          ]
        }
      ]
    },
    {
      "module": "module.compute",
      "mode": "managed",
      "type": "aws_lb_target_group_attachment",
      "name": "tf_target_registers",
      "each": "list",
      "provider": "provider.aws",
      "instances": [
        {
          "index_key": 0,
          "schema_version": 0,
          "attributes": {
            "availability_zone": null,
            "id": "arn:aws:elasticloadbalancing:us-west-1:631952423493:targetgroup/tf-lb-tg/c36a1daad11092aa-20200418025720610800000002",
            "port": 80,
            "target_group_arn": "arn:aws:elasticloadbalancing:us-west-1:631952423493:targetgroup/tf-lb-tg/c36a1daad11092aa",
            "target_id": "i-08b4836c58f854282"
          },
          "private": "bnVsbA==",
          "dependencies": [
            "module.compute.aws_elasticache_cluster.tf_redis",
            "module.compute.aws_instance.tf_server",
            "module.compute.aws_key_pair.tf_auth",
            "module.compute.aws_lb_target_group.tf_target_group",
            "module.networking.aws_elasticache_subnet_group.tf_redis_subnet",
            "module.networking.aws_security_group.tf_public_sg",
            "module.networking.aws_subnet.tf_public_subnet",
            "module.networking.aws_vpc.tf_vpc"
          ]
        },
        {
          "index_key": 1,
          "schema_version": 0,
          "attributes": {
            "availability_zone": null,
            "id": "arn:aws:elasticloadbalancing:us-west-1:631952423493:targetgroup/tf-lb-tg/c36a1daad11092aa-20200418025720637800000003",
            "port": 80,
            "target_group_arn": "arn:aws:elasticloadbalancing:us-west-1:631952423493:targetgroup/tf-lb-tg/c36a1daad11092aa",
            "target_id": "i-037b23a69402a20d6"
          },
          "private": "bnVsbA==",
          "dependencies": [
            "module.compute.aws_elasticache_cluster.tf_redis",
            "module.compute.aws_instance.tf_server",
            "module.compute.aws_key_pair.tf_auth",
            "module.compute.aws_lb_target_group.tf_target_group",
            "module.networking.aws_elasticache_subnet_group.tf_redis_subnet",
            "module.networking.aws_security_group.tf_public_sg",
            "module.networking.aws_subnet.tf_public_subnet",
            "module.networking.aws_vpc.tf_vpc"
          ]
        }
      ]
    },
    {
      "module": "module.networking",
      "mode": "managed",
      "type": "aws_route_table",
      "name": "tf_public_rt",
      "provider": "provider.aws",
      "instances": [
        {
          "schema_version": 0,
          "attributes": {
            "id": "rtb-05ce13b5743e1f79a",
            "owner_id": "631952423493",
            "propagating_vgws": [],
            "route": [
              {
                "cidr_block": "0.0.0.0/0",
                "egress_only_gateway_id": "",
                "gateway_id": "igw-0cc21b336249666a0",
                "instance_id": "",
                "ipv6_cidr_block": "",
                "nat_gateway_id": "",
                "network_interface_id": "",
                "transit_gateway_id": "",
                "vpc_peering_connection_id": ""
              }
            ],
            "tags": {
              "Name": "tf_public"
            },
            "vpc_id": "vpc-001915277b7dedd04"
          },
          "private": "bnVsbA==",
          "dependencies": [
            "module.networking.aws_internet_gateway.tf_internet_gateway",
            "module.networking.aws_vpc.tf_vpc"
          ]
        }
      ]
    },
    {
      "module": "module.networking",
      "mode": "managed",
      "type": "aws_route_table_association",
      "name": "tf_public_assoc",
      "each": "list",
      "provider": "provider.aws",
      "instances": [
        {
          "index_key": 0,
          "schema_version": 0,
          "attributes": {
            "gateway_id": null,
            "id": "rtbassoc-02d8d2f2f2445b8a4",
            "route_table_id": "rtb-05ce13b5743e1f79a",
            "subnet_id": "subnet-03c7b93f621459bd3"
          },
          "private": "bnVsbA==",
          "dependencies": [
            "module.networking.aws_internet_gateway.tf_internet_gateway",
            "module.networking.aws_route_table.tf_public_rt",
            "module.networking.aws_subnet.tf_public_subnet",
            "module.networking.aws_vpc.tf_vpc"
          ]
        },
        {
          "index_key": 1,
          "schema_version": 0,
          "attributes": {
            "gateway_id": null,
            "id": "rtbassoc-09514276a39b8f8c7",
            "route_table_id": "rtb-05ce13b5743e1f79a",
            "subnet_id": "subnet-05da1b8c5ece58e48"
          },
          "private": "bnVsbA==",
          "dependencies": [
            "module.networking.aws_internet_gateway.tf_internet_gateway",
            "module.networking.aws_route_table.tf_public_rt",
            "module.networking.aws_subnet.tf_public_subnet",
            "module.networking.aws_vpc.tf_vpc"
          ]
        }
      ]
    },
    {
      "module": "module.networking",
      "mode": "managed",
      "type": "aws_security_group",
      "name": "tf_private_sg",
      "provider": "provider.aws",
      "instances": [
        {
          "schema_version": 1,
          "attributes": {
            "arn": "arn:aws:ec2:us-west-1:631952423493:security-group/sg-0ecafc62ad9a39dfc",
            "description": "Used for access to the private instances",
            "egress": [
              {
                "cidr_blocks": [
                  "0.0.0.0/0"
                ],
                "description": "",
                "from_port": 0,
                "ipv6_cidr_blocks": [],
                "prefix_list_ids": [],
                "protocol": "-1",
                "security_groups": [],
                "self": false,
                "to_port": 0
              }
            ],
            "id": "sg-0ecafc62ad9a39dfc",
            "ingress": [
              {
                "cidr_blocks": [
                  "0.0.0.0/0"
                ],
                "description": "",
                "from_port": 22,
                "ipv6_cidr_blocks": [],
                "prefix_list_ids": [],
                "protocol": "tcp",
                "security_groups": [],
                "self": false,
                "to_port": 22
              }
            ],
            "name": "tf_sg",
            "name_prefix": null,
            "owner_id": "631952423493",
            "revoke_rules_on_delete": false,
            "tags": {},
            "timeouts": null,
            "vpc_id": "vpc-06eacdc938353fb24"
          },
          "private": "eyJlMmJmYjczMC1lY2FhLTExZTYtOGY4OC0zNDM2M2JjN2M0YzAiOnsiY3JlYXRlIjo2MDAwMDAwMDAwMDAsImRlbGV0ZSI6NjAwMDAwMDAwMDAwfSwic2NoZW1hX3ZlcnNpb24iOiIxIn0=",
          "dependencies": [
            "module.networking.aws_vpc.tf_private_vpc"
          ]
        }
      ]
    },
    {
      "module": "module.networking",
      "mode": "managed",
      "type": "aws_security_group",
      "name": "tf_public_sg",
      "provider": "provider.aws",
      "instances": [
        {
          "schema_version": 1,
          "attributes": {
            "arn": "arn:aws:ec2:us-west-1:631952423493:security-group/sg-030aa2d2f0f2078e8",
            "description": "Used for access to the public instances",
            "egress": [
              {
                "cidr_blocks": [
                  "0.0.0.0/0"
                ],
                "description": "",
                "from_port": 0,
                "ipv6_cidr_blocks": [],
                "prefix_list_ids": [],
                "protocol": "-1",
                "security_groups": [],
                "self": false,
                "to_port": 0
              }
            ],
            "id": "sg-030aa2d2f0f2078e8",
            "ingress": [
              {
                "cidr_blocks": [
                  "0.0.0.0/0"
                ],
                "description": "",
                "from_port": 22,
                "ipv6_cidr_blocks": [],
                "prefix_list_ids": [],
                "protocol": "tcp",
                "security_groups": [],
                "self": false,
                "to_port": 22
              },
              {
                "cidr_blocks": [
                  "0.0.0.0/0"
                ],
                "description": "",
                "from_port": 6379,
                "ipv6_cidr_blocks": [],
                "prefix_list_ids": [],
                "protocol": "tcp",
                "security_groups": [],
                "self": false,
                "to_port": 6379
              },
              {
                "cidr_blocks": [
                  "0.0.0.0/0"
                ],
                "description": "",
                "from_port": 80,
                "ipv6_cidr_blocks": [],
                "prefix_list_ids": [],
                "protocol": "tcp",
                "security_groups": [],
                "self": false,
                "to_port": 80
              }
            ],
            "name": "tf_public_sg",
            "name_prefix": null,
            "owner_id": "631952423493",
            "revoke_rules_on_delete": false,
            "tags": {},
            "timeouts": null,
            "vpc_id": "vpc-001915277b7dedd04"
          },
          "private": "eyJlMmJmYjczMC1lY2FhLTExZTYtOGY4OC0zNDM2M2JjN2M0YzAiOnsiY3JlYXRlIjo2MDAwMDAwMDAwMDAsImRlbGV0ZSI6NjAwMDAwMDAwMDAwfSwic2NoZW1hX3ZlcnNpb24iOiIxIn0=",
          "dependencies": [
            "module.networking.aws_vpc.tf_vpc"
          ]
        }
      ]
    },
    {
      "module": "module.networking",
      "mode": "managed",
      "type": "aws_subnet",
      "name": "tf_private_subnet",
      "each": "list",
      "provider": "provider.aws",
      "instances": [
        {
          "index_key": 0,
          "schema_version": 1,
          "attributes": {
            "arn": "arn:aws:ec2:us-west-1:631952423493:subnet/subnet-0ec949f68de2e3bf3",
            "assign_ipv6_address_on_creation": false,
            "availability_zone": "us-west-1b",
            "availability_zone_id": "usw1-az3",
            "cidr_block": "10.124.1.0/24",
            "id": "subnet-0ec949f68de2e3bf3",
            "ipv6_cidr_block": "",
            "ipv6_cidr_block_association_id": "",
            "map_public_ip_on_launch": true,
            "owner_id": "631952423493",
            "tags": {
              "Name": "tf_private_1"
            },
            "timeouts": null,
            "vpc_id": "vpc-06eacdc938353fb24"
          },
          "private": "eyJlMmJmYjczMC1lY2FhLTExZTYtOGY4OC0zNDM2M2JjN2M0YzAiOnsiY3JlYXRlIjo2MDAwMDAwMDAwMDAsImRlbGV0ZSI6MTIwMDAwMDAwMDAwMH0sInNjaGVtYV92ZXJzaW9uIjoiMSJ9",
          "dependencies": [
            "module.networking.aws_vpc.tf_private_vpc"
          ]
        },
        {
          "index_key": 1,
          "schema_version": 1,
          "attributes": {
            "arn": "arn:aws:ec2:us-west-1:631952423493:subnet/subnet-09a05eff778084fcd",
            "assign_ipv6_address_on_creation": false,
            "availability_zone": "us-west-1c",
            "availability_zone_id": "usw1-az1",
            "cidr_block": "10.124.2.0/24",
            "id": "subnet-09a05eff778084fcd",
            "ipv6_cidr_block": "",
            "ipv6_cidr_block_association_id": "",
            "map_public_ip_on_launch": true,
            "owner_id": "631952423493",
            "tags": {
              "Name": "tf_private_2"
            },
            "timeouts": null,
            "vpc_id": "vpc-06eacdc938353fb24"
          },
          "private": "eyJlMmJmYjczMC1lY2FhLTExZTYtOGY4OC0zNDM2M2JjN2M0YzAiOnsiY3JlYXRlIjo2MDAwMDAwMDAwMDAsImRlbGV0ZSI6MTIwMDAwMDAwMDAwMH0sInNjaGVtYV92ZXJzaW9uIjoiMSJ9",
          "dependencies": [
            "module.networking.aws_vpc.tf_private_vpc"
          ]
        }
      ]
    },
    {
      "module": "module.networking",
      "mode": "managed",
      "type": "aws_subnet",
      "name": "tf_public_subnet",
      "each": "list",
      "provider": "provider.aws",
      "instances": [
        {
          "index_key": 0,
          "schema_version": 1,
          "attributes": {
            "arn": "arn:aws:ec2:us-west-1:631952423493:subnet/subnet-03c7b93f621459bd3",
            "assign_ipv6_address_on_creation": false,
            "availability_zone": "us-west-1b",
            "availability_zone_id": "usw1-az3",
            "cidr_block": "10.123.1.0/24",
            "id": "subnet-03c7b93f621459bd3",
            "ipv6_cidr_block": "",
            "ipv6_cidr_block_association_id": "",
            "map_public_ip_on_launch": true,
            "owner_id": "631952423493",
            "tags": {
              "Name": "tf_public_1"
            },
            "timeouts": null,
            "vpc_id": "vpc-001915277b7dedd04"
          },
          "private": "eyJlMmJmYjczMC1lY2FhLTExZTYtOGY4OC0zNDM2M2JjN2M0YzAiOnsiY3JlYXRlIjo2MDAwMDAwMDAwMDAsImRlbGV0ZSI6MTIwMDAwMDAwMDAwMH0sInNjaGVtYV92ZXJzaW9uIjoiMSJ9",
          "dependencies": [
            "module.networking.aws_vpc.tf_vpc"
          ]
        },
        {
          "index_key": 1,
          "schema_version": 1,
          "attributes": {
            "arn": "arn:aws:ec2:us-west-1:631952423493:subnet/subnet-05da1b8c5ece58e48",
            "assign_ipv6_address_on_creation": false,
            "availability_zone": "us-west-1c",
            "availability_zone_id": "usw1-az1",
            "cidr_block": "10.123.2.0/24",
            "id": "subnet-05da1b8c5ece58e48",
            "ipv6_cidr_block": "",
            "ipv6_cidr_block_association_id": "",
            "map_public_ip_on_launch": true,
            "owner_id": "631952423493",
            "tags": {
              "Name": "tf_public_2"
            },
            "timeouts": null,
            "vpc_id": "vpc-001915277b7dedd04"
          },
          "private": "eyJlMmJmYjczMC1lY2FhLTExZTYtOGY4OC0zNDM2M2JjN2M0YzAiOnsiY3JlYXRlIjo2MDAwMDAwMDAwMDAsImRlbGV0ZSI6MTIwMDAwMDAwMDAwMH0sInNjaGVtYV92ZXJzaW9uIjoiMSJ9",
          "dependencies": [
            "module.networking.aws_vpc.tf_vpc"
          ]
        }
      ]
    },
    {
      "module": "module.networking",
      "mode": "managed",
      "type": "aws_vpc",
      "name": "tf_private_vpc",
      "provider": "provider.aws",
      "instances": [
        {
          "schema_version": 1,
          "attributes": {
            "arn": "arn:aws:ec2:us-west-1:631952423493:vpc/vpc-06eacdc938353fb24",
            "assign_generated_ipv6_cidr_block": false,
            "cidr_block": "10.124.0.0/16",
            "default_network_acl_id": "acl-0c327bbd9314935ae",
            "default_route_table_id": "rtb-074cc551a892199a6",
            "default_security_group_id": "sg-02eb0ba270a93bba4",
            "dhcp_options_id": "dopt-08cd25efceecaa708",
            "enable_classiclink": false,
            "enable_classiclink_dns_support": false,
            "enable_dns_hostnames": false,
            "enable_dns_support": false,
            "id": "vpc-06eacdc938353fb24",
            "instance_tenancy": "default",
            "ipv6_association_id": "",
            "ipv6_cidr_block": "",
            "main_route_table_id": "rtb-074cc551a892199a6",
            "owner_id": "631952423493",
            "tags": {
              "Name": "tf_private_vpc"
            }
          },
          "private": "eyJzY2hlbWFfdmVyc2lvbiI6IjEifQ=="
        }
      ]
    },
    {
      "module": "module.networking",
      "mode": "managed",
      "type": "aws_vpc",
      "name": "tf_vpc",
      "provider": "provider.aws",
      "instances": [
        {
          "schema_version": 1,
          "attributes": {
            "arn": "arn:aws:ec2:us-west-1:631952423493:vpc/vpc-001915277b7dedd04",
            "assign_generated_ipv6_cidr_block": false,
            "cidr_block": "10.123.0.0/16",
            "default_network_acl_id": "acl-088d112d04a34add2",
            "default_route_table_id": "rtb-0deffe6da59dfe167",
            "default_security_group_id": "sg-0e5f40b1cf1e0199d",
            "dhcp_options_id": "dopt-08cd25efceecaa708",
            "enable_classiclink": false,
            "enable_classiclink_dns_support": false,
            "enable_dns_hostnames": true,
            "enable_dns_support": true,
            "id": "vpc-001915277b7dedd04",
            "instance_tenancy": "default",
            "ipv6_association_id": "",
            "ipv6_cidr_block": "",
            "main_route_table_id": "rtb-0deffe6da59dfe167",
            "owner_id": "631952423493",
            "tags": {
              "Name": "tf_vpc"
            }
          },
          "private": "eyJzY2hlbWFfdmVyc2lvbiI6IjEifQ=="
        }
      ]
    }
  ]
}
